
Microsoft Visual Studio Solution File, Format Version 12.00
# Visual Studio 15
Project("{FAE04EC0-301F-11D3-BF4B-00C04F79EFBC}") = "DoingThing.Android", "DoingThing.Android\DoingThing.Android.csproj", "{4DC08B34-03A5-4409-B746-80101B5744C4}"
EndProject
Project("{FAE04EC0-301F-11D3-BF4B-00C04F79EFBC}") = "DoingThing.iOS", "DoingThing.iOS\DoingThing.iOS.csproj", "{96D2D021-8A69-4228-AF6F-2C18E9389E09}"
EndProject
Project("{FAE04EC0-301F-11D3-BF4B-00C04F79EFBC}") = "DoingThing", "DoingThing\DoingThing.csproj", "{04F59863-765A-4D41-A409-05A31B5A6121}"
EndProject
Global
	GlobalSection(SolutionConfigurationPlatforms) = preSolution
		Debug|Any CPU = Debug|Any CPU
		Release|Any CPU = Release|Any CPU
		Debug|iPhoneSimulator = Debug|iPhoneSimulator
		Release|iPhoneSimulator = Release|iPhoneSimulator
		Debug|iPhone = Debug|iPhone
		Release|iPhone = Release|iPhone
	EndGlobalSection
	GlobalSection(ProjectConfigurationPlatforms) = postSolution
		{4DC08B34-03A5-4409-B746-80101B5744C4}.Debug|Any CPU.ActiveCfg = Debug|Any CPU
		{4DC08B34-03A5-4409-B746-80101B5744C4}.Debug|Any CPU.Build.0 = Debug|Any CPU
		{4DC08B34-03A5-4409-B746-80101B5744C4}.Release|Any CPU.ActiveCfg = Release|Any CPU
		{4DC08B34-03A5-4409-B746-80101B5744C4}.Release|Any CPU.Build.0 = Release|Any CPU
		{4DC08B34-03A5-4409-B746-80101B5744C4}.Debug|iPhoneSimulator.ActiveCfg = Debug|Any CPU
		{4DC08B34-03A5-4409-B746-80101B5744C4}.Debug|iPhoneSimulator.Build.0 = Debug|Any CPU
		{4DC08B34-03A5-4409-B746-80101B5744C4}.Release|iPhoneSimulator.ActiveCfg = Release|Any CPU
		{4DC08B34-03A5-4409-B746-80101B5744C4}.Release|iPhoneSimulator.Build.0 = Release|Any CPU
		{4DC08B34-03A5-4409-B746-80101B5744C4}.Debug|iPhone.ActiveCfg = Debug|Any CPU
		{4DC08B34-03A5-4409-B746-80101B5744C4}.Debug|iPhone.Build.0 = Debug|Any CPU
		{4DC08B34-03A5-4409-B746-80101B5744C4}.Release|iPhone.ActiveCfg = Release|Any CPU
		{4DC08B34-03A5-4409-B746-80101B5744C4}.Release|iPhone.Build.0 = Release|Any CPU
		{96D2D021-8A69-4228-AF6F-2C18E9389E09}.Debug|Any CPU.ActiveCfg = Debug|iPhoneSimulator
		{96D2D021-8A69-4228-AF6F-2C18E9389E09}.Debug|Any CPU.Build.0 = Debug|iPhoneSimulator
		{96D2D021-8A69-4228-AF6F-2C18E9389E09}.Release|Any CPU.ActiveCfg = Release|iPhoneSimulator
		{96D2D021-8A69-4228-AF6F-2C18E9389E09}.Release|Any CPU.Build.0 = Release|iPhoneSimulator
		{96D2D021-8A69-4228-AF6F-2C18E9389E09}.Debug|iPhoneSimulator.ActiveCfg = Debug|iPhoneSimulator
		{96D2D021-8A69-4228-AF6F-2C18E9389E09}.Debug|iPhoneSimulator.Build.0 = Debug|iPhoneSimulator
		{96D2D021-8A69-4228-AF6F-2C18E9389E09}.Release|iPhoneSimulator.ActiveCfg = Release|iPhoneSimulator
		{96D2D021-8A69-4228-AF6F-2C18E9389E09}.Release|iPhoneSimulator.Build.0 = Release|iPhoneSimulator
		{96D2D021-8A69-4228-AF6F-2C18E9389E09}.Debug|iPhone.ActiveCfg = Debug|iPhone
		{96D2D021-8A69-4228-AF6F-2C18E9389E09}.Debug|iPhone.Build.0 = Debug|iPhone
		{96D2D021-8A69-4228-AF6F-2C18E9389E09}.Release|iPhone.ActiveCfg = Release|iPhone
		{96D2D021-8A69-4228-AF6F-2C18E9389E09}.Release|iPhone.Build.0 = Release|iPhone
		{04F59863-765A-4D41-A409-05A31B5A6121}.Debug|Any CPU.ActiveCfg = Debug|Any CPU
		{04F59863-765A-4D41-A409-05A31B5A6121}.Debug|Any CPU.Build.0 = Debug|Any CPU
		{04F59863-765A-4D41-A409-05A31B5A6121}.Release|Any CPU.ActiveCfg = Release|Any CPU
		{04F59863-765A-4D41-A409-05A31B5A6121}.Release|Any CPU.Build.0 = Release|Any CPU
		{04F59863-765A-4D41-A409-05A31B5A6121}.Debug|iPhoneSimulator.ActiveCfg = Debug|Any CPU
		{04F59863-765A-4D41-A409-05A31B5A6121}.Debug|iPhoneSimulator.Build.0 = Debug|Any CPU
		{04F59863-765A-4D41-A409-05A31B5A6121}.Release|iPhoneSimulator.ActiveCfg = Release|Any CPU
		{04F59863-765A-4D41-A409-05A31B5A6121}.Release|iPhoneSimulator.Build.0 = Release|Any CPU
		{04F59863-765A-4D41-A409-05A31B5A6121}.Debug|iPhone.ActiveCfg = Debug|Any CPU
		{04F59863-765A-4D41-A409-05A31B5A6121}.Debug|iPhone.Build.0 = Debug|Any CPU
		{04F59863-765A-4D41-A409-05A31B5A6121}.Release|iPhone.ActiveCfg = Release|Any CPU
		{04F59863-765A-4D41-A409-05A31B5A6121}.Release|iPhone.Build.0 = Release|Any CPU
	EndGlobalSection
EndGlobal
